
Microsoft Visual Studio Solution File, Format Version 12.00
# Visual Studio Version 17
VisualStudioVersion = 17.14.36511.14 d17.14
MinimumVisualStudioVersion = 10.0.40219.1
Project("{FAE04EC0-301F-11D3-BF4B-00C04F79EFBC}") = "WebAppLect19", "WebAppLect19\WebAppLect19.csproj", "{B7DACDB0-2C55-43D7-B4DF-3ABAC94A334D}"
EndProject
Global
	GlobalSection(SolutionConfigurationPlatforms) = preSolution
		Debug|Any CPU = Debug|Any CPU
		Release|Any CPU = Release|Any CPU
	EndGlobalSection
	GlobalSection(ProjectConfigurationPlatforms) = postSolution
		{B7DACDB0-2C55-43D7-B4DF-3ABAC94A334D}.Debug|Any CPU.ActiveCfg = Debug|Any CPU
		{B7DACDB0-2C55-43D7-B4DF-3ABAC94A334D}.Debug|Any CPU.Build.0 = Debug|Any CPU
		{B7DACDB0-2C55-43D7-B4DF-3ABAC94A334D}.Release|Any CPU.ActiveCfg = Release|Any CPU
		{B7DACDB0-2C55-43D7-B4DF-3ABAC94A334D}.Release|Any CPU.Build.0 = Release|Any CPU
	EndGlobalSection
	GlobalSection(SolutionProperties) = preSolution
		HideSolutionNode = FALSE
	EndGlobalSection
	GlobalSection(ExtensibilityGlobals) = postSolution
		SolutionGuid = {C154A9AB-FFDA-4C72-AAE0-2FA2467FD6CB}
	EndGlobalSection
EndGlobal
